lockfileVersion: '9.0'

settings:
  autoInstallPeers: true
  excludeLinksFromLockfile: false

importers:

  .:
    dependencies:
      react:
        specifier: ^19.2.6
        version: 19.2.6
      react-dom:
        specifier: ^19.2.6
        version: 19.2.6(react@19.2.6)
      react-server-dom-rspack:
        specifier: ^0.0.2
        version: 0.0.2(@rspack/core@2.0.3)(react-dom@19.2.6(react@19.2.6))(react@19.2.6)

packages:

  '@emnapi/core@1.10.0':
    resolution: {integrity: sha512-yq6OkJ4p82CAfPl0u9mQebQHKPJkY7WrIuk205cTYnYe+k2Z8YBh11FrbRG/H6ihirqcacOgl2BIO8oyMQLeXw==}

  '@emnapi/runtime@1.10.0':
    resolution: {integrity: sha512-ewvYlk86xUoGI0zQRNq/mC+16R1QeDlKQy21Ki3oSYXNgLb45GV1P6A0M+/s6nyCuNDqe5VpaY84BzXGwVbwFA==}

  '@emnapi/wasi-threads@1.2.1':
    resolution: {integrity: sha512-uTII7OYF+/Mes/MrcIOYp5yOtSMLBWSIoLPpcgwipoiKbli6k322tcoFsxoIIxPDqW01SQGAgko4EzZi2BNv2w==}

  '@napi-rs/wasm-runtime@1.1.4':
    resolution: {integrity: sha512-3NQNNgA1YSlJb/kMH1ildASP9HW7/7kYnRI2szWJaofaS1hWmbGI4H+d3+22aGzXXN9IJ+n+GiFVcGipJP18ow==}
    peerDependencies:
      '@emnapi/core': ^1.7.1
      '@emnapi/runtime': ^1.7.1

  '@rspack/binding-darwin-arm64@2.0.3':
    resolution: {integrity: sha512-4UyCjLJwU/WxR6K1/gG4u3+jUsoaRHJ5rNu9fto/UbvrItwdlVNULChAApqZFw6mcSetMddSjSICeuj5pSB6sA==}
    cpu: [arm64]
    os: [darwin]

  '@rspack/binding-darwin-x64@2.0.3':
    resolution: {integrity: sha512-K3evrbTgZNa8emEqk+AjDtbuoXZp5tPZz3pcEgETxuu3KanW8Zu+Fb+TUp1DEUcL0xOmHPPox8H2cZ3pF4Zmug==}
    cpu: [x64]
    os: [darwin]

  '@rspack/binding-linux-arm64-gnu@2.0.3':
    resolution: {integrity: sha512-aPLDaaTtX1wqjLYAIHc2MGDQZtv1Hbjx47oaaefbWz5GbAnSA4P8jdYIeeGRyrqvQ0WqJXIWXgT0d/iXtes00A==}
    cpu: [arm64]
    os: [linux]
    libc: [glibc]

  '@rspack/binding-linux-arm64-musl@2.0.3':
    resolution: {integrity: sha512-0WulUQPop6vmSDfrTxghmVlm+6crU8/XqD2f0dOWbEniZVuDZJ5/Y/cBqTRyk3rjl0vrmUv3lc87/t7UgQJQSw==}
    cpu: [arm64]
    os: [linux]
    libc: [musl]

  '@rspack/binding-linux-x64-gnu@2.0.3':
    resolution: {integrity: sha512-fAhiMuV5omT53YMft+f3Y9euAFgspuyBAk9ZpeW2buL2TkuUMwP07adhhvQfKdQ5gpELfzmjQaRDGqaIT8UWiA==}
    cpu: [x64]
    os: [linux]
    libc: [glibc]

  '@rspack/binding-linux-x64-musl@2.0.3':
    resolution: {integrity: sha512-0kcuFoZ8vy2iNWoISFOZt+/Ujo7LRLrzE7h07AV5r+oN/mv+/v14Sd/8NUtDIScCkrYOszYq/QS31e6t0UrVfw==}
    cpu: [x64]
    os: [linux]
    libc: [musl]

  '@rspack/binding-wasm32-wasi@2.0.3':
    resolution: {integrity: sha512-x2fsw7GzNZEnw444ikj4/b8kVjM0Y0TllxmizHpYZ9gmaQrOk5OXo9RQdz+l4zzoGors0l2IZP5Cc4GJNCaSoQ==}
    cpu: [wasm32]

  '@rspack/binding-win32-arm64-msvc@2.0.3':
    resolution: {integrity: sha512-jqlxuVPdrgMuwj/HEjSkC/jmhl4fAuKyob36zJXq2uAusn2FRJ4kClGe1fLFpfxRXFVQAWwlAOwLJg8T0suuaA==}
    cpu: [arm64]
    os: [win32]

  '@rspack/binding-win32-ia32-msvc@2.0.3':
    resolution: {integrity: sha512-QM4JEuyk5QaZ5gnvnAIaCwVQzCkrD2E4Sud77kx/MVGDsRkcOlMx3blMC5QNHPDamRmWGk+7314YOQvRhKuWyg==}
    cpu: [ia32]
    os: [win32]

  '@rspack/binding-win32-x64-msvc@2.0.3':
    resolution: {integrity: sha512-vSQNnAy0wswG6AfNRuArTHQBiXOXl+A9ddQxBFup4PMHUzXxKtsBLQzw7BgFC0EgrPeHbt+30j7sXVZKYukj4A==}
    cpu: [x64]
    os: [win32]

  '@rspack/binding@2.0.3':
    resolution: {integrity: sha512-4exVNhGhW5RFHjK87XeTKbkA/qAgI5NHJlT1jNqiJv0gcUXLqTOEU3w7f8+f9zUo4JMFvPc0c9veOi4M19YYTg==}

  '@rspack/core@2.0.3':
    resolution: {integrity: sha512-2ufO/8FHIA/lX6UOgSsKPhpDvHr0sh9lYq/n/LsIZsTwu3973BGbu2fg1Akvuu3rEnskPqXjsqH2EPBzEA42uA==}
    engines: {node: ^20.19.0 || >=22.12.0}
    peerDependencies:
      '@module-federation/runtime-tools': ^0.24.1 || ^2.0.0
      '@swc/helpers': '>=0.5.1'
    peerDependenciesMeta:
      '@module-federation/runtime-tools':
        optional: true
      '@swc/helpers':
        optional: true

  '@tybys/wasm-util@0.10.2':
    resolution: {integrity: sha512-RoBvJ2X0wuKlWFIjrwffGw1IqZHKQqzIchKaadZZfnNpsAYp2mM0h36JtPCjNDAHGgYez/15uMBpfGwchhiMgg==}

  react-dom@19.2.6:
    resolution: {integrity: sha512-0prMI+hvBbPjsWnxDLxlCGyM8PN6UuWjEUCYmZhO67xIV9Xasa/r/vDnq+Xyq4Lo27g8QSbO5YzARu0D1Sps3g==}
    peerDependencies:
      react: ^19.2.6

  react-server-dom-rspack@0.0.2:
    resolution: {integrity: sha512-PowIm+Z65LkvC3yk4t3YrH2nMejwL361jiBT0BMW2bQCDUaNQknDHMPH0aTgMtJ9ZZ1Gc7KFgBvwB0itSzzELQ==}
    engines: {node: '>=0.10.0'}
    peerDependencies:
      '@rspack/core': ^2.0.0-0
      react: ^19.1.0
      react-dom: ^19.1.0

  react@19.2.6:
    resolution: {integrity: sha512-sfWGGfavi0xr8Pg0sVsyHMAOziVYKgPLNrS7ig+ivMNb3wbCBw3KxtflsGBAwD3gYQlE/AEZsTLgToRrSCjb0Q==}
    engines: {node: '>=0.10.0'}

  scheduler@0.27.0:
    resolution: {integrity: sha512-eNv+WrVbKu1f3vbYJT/xtiF5syA5HPIMtf9IgY/nKg0sWqzAUEvqY/xm7OcZc/qafLx/iO9FgOmeSAp4v5ti/Q==}

  tslib@2.8.1:
    resolution: {integrity: sha512-oJFu94HQb+KVduSUQL7wnpmqnfmLsOA/nAh6b6EH0wCEoK0/mPeXU6c3wKDV83MkOuHPRHtSXKKU99IBazS/2w==}

snapshots:

  '@emnapi/core@1.10.0':
    dependencies:
      '@emnapi/wasi-threads': 1.2.1
      tslib: 2.8.1
    optional: true

  '@emnapi/runtime@1.10.0':
    dependencies:
      tslib: 2.8.1
    optional: true

  '@emnapi/wasi-threads@1.2.1':
    dependencies:
      tslib: 2.8.1
    optional: true

  '@napi-rs/wasm-runtime@1.1.4(@emnapi/core@1.10.0)(@emnapi/runtime@1.10.0)':
    dependencies:
      '@emnapi/core': 1.10.0
      '@emnapi/runtime': 1.10.0
      '@tybys/wasm-util': 0.10.2
    optional: true

  '@rspack/binding-darwin-arm64@2.0.3':
    optional: true

  '@rspack/binding-darwin-x64@2.0.3':
    optional: true

  '@rspack/binding-linux-arm64-gnu@2.0.3':
    optional: true

  '@rspack/binding-linux-arm64-musl@2.0.3':
    optional: true

  '@rspack/binding-linux-x64-gnu@2.0.3':
    optional: true

  '@rspack/binding-linux-x64-musl@2.0.3':
    optional: true

  '@rspack/binding-wasm32-wasi@2.0.3':
    dependencies:
      '@emnapi/core': 1.10.0
      '@emnapi/runtime': 1.10.0
      '@napi-rs/wasm-runtime': 1.1.4(@emnapi/core@1.10.0)(@emnapi/runtime@1.10.0)
    optional: true

  '@rspack/binding-win32-arm64-msvc@2.0.3':
    optional: true

  '@rspack/binding-win32-ia32-msvc@2.0.3':
    optional: true

  '@rspack/binding-win32-x64-msvc@2.0.3':
    optional: true

  '@rspack/binding@2.0.3':
    optionalDependencies:
      '@rspack/binding-darwin-arm64': 2.0.3
      '@rspack/binding-darwin-x64': 2.0.3
      '@rspack/binding-linux-arm64-gnu': 2.0.3
      '@rspack/binding-linux-arm64-musl': 2.0.3
      '@rspack/binding-linux-x64-gnu': 2.0.3
      '@rspack/binding-linux-x64-musl': 2.0.3
      '@rspack/binding-wasm32-wasi': 2.0.3
      '@rspack/binding-win32-arm64-msvc': 2.0.3
      '@rspack/binding-win32-ia32-msvc': 2.0.3
      '@rspack/binding-win32-x64-msvc': 2.0.3

  '@rspack/core@2.0.3':
    dependencies:
      '@rspack/binding': 2.0.3

  '@tybys/wasm-util@0.10.2':
    dependencies:
      tslib: 2.8.1
    optional: true

  react-dom@19.2.6(react@19.2.6):
    dependencies:
      react: 19.2.6
      scheduler: 0.27.0

  react-server-dom-rspack@0.0.2(@rspack/core@2.0.3)(react-dom@19.2.6(react@19.2.6))(react@19.2.6):
    dependencies:
      '@rspack/core': 2.0.3
      react: 19.2.6
      react-dom: 19.2.6(react@19.2.6)

  react@19.2.6: {}

  scheduler@0.27.0: {}

  tslib@2.8.1:
    optional: true
